<?xml version="1.0" encoding="utf-8"?>
<Project ToolsVersion="17.0" xmlns="http://schemas.microsoft.com/developer/msbuild/2003">
  <ItemGroup>
    <CustomBuild Include="D:\001_Games\C++ stuff\starterProjects\number game\CMakeFiles\1929cd29df8c12aa7433e688ceea8842\generate.stamp.rule">
      <Filter>CMake Rules</Filter>
    </CustomBuild>
  </ItemGroup>
  <ItemGroup>
    <Filter Include="CMake Rules">
      <UniqueIdentifier>{43C322B5-A98E-362B-B023-8A9ABE7C980E}</UniqueIdentifier>
    </Filter>
  </ItemGroup>
</Project>
